
Microsoft Visual Studio Solution File, Format Version 12.00
# Visual Studio Version 17
VisualStudioVersion = 17.13.35931.197
MinimumVisualStudioVersion = 10.0.40219.1
Project("{FAE04EC0-301F-11D3-BF4B-00C04F79EFBC}") = "Form", "AdminLodash\Form.csproj", "{DA8022CC-DE99-4E41-8717-520E9C83BB6E}"
EndProject
Global
	GlobalSection(SolutionConfigurationPlatforms) = preSolution
		Debug|Any CPU = Debug|Any CPU
		Release|Any CPU = Release|Any CPU
	EndGlobalSection
	GlobalSection(ProjectConfigurationPlatforms) = postSolution
		{DA8022CC-DE99-4E41-8717-520E9C83BB6E}.Debug|Any CPU.ActiveCfg = Debug|Any CPU
		{DA8022CC-DE99-4E41-8717-520E9C83BB6E}.Debug|Any CPU.Build.0 = Debug|Any CPU
		{DA8022CC-DE99-4E41-8717-520E9C83BB6E}.Release|Any CPU.ActiveCfg = Release|Any CPU
		{DA8022CC-DE99-4E41-8717-520E9C83BB6E}.Release|Any CPU.Build.0 = Release|Any CPU
	EndGlobalSection
	GlobalSection(SolutionProperties) = preSolution
		HideSolutionNode = FALSE
	EndGlobalSection
	GlobalSection(ExtensibilityGlobals) = postSolution
		SolutionGuid = {4CD95D82-54D3-4EB2-A8A3-02976CE6CB66}
	EndGlobalSection
EndGlobal
